// !$*UTF8*$!
{
	archiveVersion = 1;
	classes = {
	};
	objectVersion = 50;
	objects = {

/* Begin PBXBuildFile section */
		7354B85E24645F9000ADAC9D /* AppDelegate.swift in Sources */ = {isa = PBXBuildFile; fileRef = 7354B85D24645F9000ADAC9D /* AppDelegate.swift */; };
		7354B86024645F9000ADAC9D /* SceneDelegate.swift in Sources */ = {isa = PBXBuildFile; fileRef = 7354B85F24645F9000ADAC9D /* SceneDelegate.swift */; };
		7354B86224645F9000ADAC9D /* ViewController.swift in Sources */ = {isa = PBXBuildFile; fileRef = 7354B86124645F9000ADAC9D /* ViewController.swift */; };
		7354B86524645F9000ADAC9D /* Main.storyboard in Resources */ = {isa = PBXBuildFile; fileRef = 7354B86324645F9000ADAC9D /* Main.storyboard */; };
		7354B86724645F9100ADAC9D /* Assets.xcassets in Resources */ = {isa = PBXBuildFile; fileRef = 7354B86624645F9100ADAC9D /* Assets.xcassets */; };
		7354B86A24645F9100ADAC9D /* LaunchScreen.storyboard in Resources */ = {isa = PBXBuildFile; fileRef = 7354B86824645F9100ADAC9D /* LaunchScreen.storyboard */; };
		7354B87524645F9100ADAC9D /* CustomSwipeableTableCellsTests.swift in Sources */ = {isa = PBXBuildFile; fileRef = 7354B87424645F9100ADAC9D /* CustomSwipeableTableCellsTests.swift */; };
		7354B88024645F9100ADAC9D /* CustomSwipeableTableCellsUITests.swift in Sources */ = {isa = PBXBuildFile; fileRef = 7354B87F24645F9100ADAC9D /* CustomSwipeableTableCellsUITests.swift */; };
		7354B8902464671B00ADAC9D /* CardCell.swift in Sources */ = {isa = PBXBuildFile; fileRef = 7354B88E2464671B00ADAC9D /* CardCell.swift */; };
		7354B8912464671B00ADAC9D /* CardCell.xib in Resources */ = {isa = PBXBuildFile; fileRef = 7354B88F2464671B00ADAC9D /* CardCell.xib */; };
		7354B8932464695800ADAC9D /* Utility.swift in Sources */ = {isa = PBXBuildFile; fileRef = 7354B8922464695800ADAC9D /* Utility.swift */; };
		7354B89524646BF100ADAC9D /* SwipeableView.swift in Sources */ = {isa = PBXBuildFile; fileRef = 7354B89424646BF100ADAC9D /* SwipeableView.swift */; };
		7354B89724647C7E00ADAC9D /* Constraints.swift in Sources */ = {isa = PBXBuildFile; fileRef = 7354B89624647C7E00ADAC9D /* Constraints.swift */; };
		7354B899246487B900ADAC9D /* CardsListViewModel.swift in Sources */ = {isa = PBXBuildFile; fileRef = 7354B898246487B900ADAC9D /* CardsListViewModel.swift */; };
		7354B89D2464885100ADAC9D /* CardViewModel.swift in Sources */ = {isa = PBXBuildFile; fileRef = 7354B89C2464885100ADAC9D /* CardViewModel.swift */; };
		7354B89F2464887700ADAC9D /* CardModel.swift in Sources */ = {isa = PBXBuildFile; fileRef = 7354B89E2464887700ADAC9D /* CardModel.swift */; };
/* End PBXBuildFile section */

/* Begin PBXContainerItemProxy section */
		7354B87124645F9100ADAC9D /* PBXContainerItemProxy */ = {
			isa = PBXContainerItemProxy;
			containerPortal = 7354B85224645F9000ADAC9D /* Project object */;
			proxyType = 1;
			remoteGlobalIDString = 7354B85924645F9000ADAC9D;
			remoteInfo = CustomSwipeableTableCells;
		};
		7354B87C24645F9100ADAC9D /* PBXContainerItemProxy */ = {
			isa = PBXContainerItemProxy;
			containerPortal = 7354B85224645F9000ADAC9D /* Project object */;
			proxyType = 1;
			remoteGlobalIDString = 7354B85924645F9000ADAC9D;
			remoteInfo = CustomSwipeableTableCells;
		};
/* End PBXContainerItemProxy section */

/* Begin PBXFileReference section */
		7354B85A24645F9000ADAC9D /* CustomSwipeableTableCells.app */ = {isa = PBXFileReference; explicitFileType = wrapper.application; includeInIndex = 0; path = CustomSwipeableTableCells.app; sourceTree = BUILT_PRODUCTS_DIR; };
		7354B85D24645F9000ADAC9D /* AppDelegate.swift */ = {isa = PBXFileReference; lastKnownFileType = sourcecode.swift; path = AppDelegate.swift; sourceTree = "<group>"; };
		7354B85F24645F9000ADAC9D /* SceneDelegate.swift */ = {isa = PBXFileReference; lastKnownFileType = sourcecode.swift; path = SceneDelegate.swift; sourceTree = "<group>"; };
		7354B86124645F9000ADAC9D /* ViewController.swift */ = {isa = PBXFileReference; lastKnownFileType = sourcecode.swift; path = ViewController.swift; sourceTree = "<group>"; };
		7354B86424645F9000ADAC9D /* Base */ = {isa = PBXFileReference; lastKnownFileType = file.storyboard; name = Base; path = Base.lproj/Main.storyboard; sourceTree = "<group>"; };
		7354B86624645F9100ADAC9D /* Assets.xcassets */ = {isa = PBXFileReference; lastKnownFileType = folder.assetcatalog; path = Assets.xcassets; sourceTree = "<group>"; };
		7354B86924645F9100ADAC9D /* Base */ = {isa = PBXFileReference; lastKnownFileType = file.storyboard; name = Base; path = Base.lproj/LaunchScreen.storyboard; sourceTree = "<group>"; };
		7354B86B24645F9100ADAC9D /* Info.plist */ = {isa = PBXFileReference; lastKnownFileType = text.plist.xml; path = Info.plist; sourceTree = "<group>"; };
		7354B87024645F9100ADAC9D /* CustomSwipeableTableCellsTests.xctest */ = {isa = PBXFileReference; explicitFileType = wrapper.cfbundle; includeInIndex = 0; path = CustomSwipeableTableCellsTests.xctest; sourceTree = BUILT_PRODUCTS_DIR; };
		7354B87424645F9100ADAC9D /* CustomSwipeableTableCellsTests.swift */ = {isa = PBXFileReference; lastKnownFileType = sourcecode.swift; path = CustomSwipeableTableCellsTests.swift; sourceTree = "<group>"; };
		7354B87624645F9100ADAC9D /* Info.plist */ = {isa = PBXFileReference; lastKnownFileType = text.plist.xml; path = Info.plist; sourceTree = "<group>"; };
		7354B87B24645F9100ADAC9D /* CustomSwipeableTableCellsUITests.xctest */ = {isa = PBXFileReference; explicitFileType = wrapper.cfbundle; includeInIndex = 0; path = CustomSwipeableTableCellsUITests.xctest; sourceTree = BUILT_PRODUCTS_DIR; };
		7354B87F24645F9100ADAC9D /* CustomSwipeableTableCellsUITests.swift */ = {isa = PBXFileReference; lastKnownFileType = sourcecode.swift; path = CustomSwipeableTableCellsUITests.swift; sourceTree = "<group>"; };
		7354B88124645F9100ADAC9D /* Info.plist */ = {isa = PBXFileReference; lastKnownFileType = text.plist.xml; path = Info.plist; sourceTree = "<group>"; };
		7354B88E2464671B00ADAC9D /* CardCell.swift */ = {isa = PBXFileReference; lastKnownFileType = sourcecode.swift; path = CardCell.swift; sourceTree = "<group>"; };
		7354B88F2464671B00ADAC9D /* CardCell.xib */ = {isa = PBXFileReference; lastKnownFileType = file.xib; path = CardCell.xib; sourceTree = "<group>"; };
		7354B8922464695800ADAC9D /* Utility.swift */ = {isa = PBXFileReference; lastKnownFileType = sourcecode.swift; path = Utility.swift; sourceTree = "<group>"; };
		7354B89424646BF100ADAC9D /* SwipeableView.swift */ = {isa = PBXFileReference; lastKnownFileType = sourcecode.swift; path = SwipeableView.swift; sourceTree = "<group>"; };
		7354B89624647C7E00ADAC9D /* Constraints.swift */ = {isa = PBXFileReference; fileEncoding = 4; lastKnownFileType = sourcecode.swift; path = Constraints.swift; sourceTree = "<group>"; };
		7354B898246487B900ADAC9D /* CardsListViewModel.swift */ = {isa = PBXFileReference; lastKnownFileType = sourcecode.swift; path = CardsListViewModel.swift; sourceTree = "<group>"; };
		7354B89C2464885100ADAC9D /* CardViewModel.swift */ = {isa = PBXFileReference; lastKnownFileType = sourcecode.swift; path = CardViewModel.swift; sourceTree = "<group>"; };
		7354B89E2464887700ADAC9D /* CardModel.swift */ = {isa = PBXFileReference; lastKnownFileType = sourcecode.swift; path = CardModel.swift; sourceTree = "<group>"; };
/* End PBXFileReference section */

/* Begin PBXFrameworksBuildPhase section */
		7354B85724645F9000ADAC9D /* Frameworks */ = {
			isa = PBXFrameworksBuildPhase;
			buildActionMask = 2147483647;
			files = (
			);
			runOnlyForDeploymentPostprocessing = 0;
		};
		7354B86D24645F9100ADAC9D /* Frameworks */ = {
			isa = PBXFrameworksBuildPhase;
			buildActionMask = 2147483647;
			files = (
			);
			runOnlyForDeploymentPostprocessing = 0;
		};
		7354B87824645F9100ADAC9D /* Frameworks */ = {
			isa = PBXFrameworksBuildPhase;
			buildActionMask = 2147483647;
			files = (
			);
			runOnlyForDeploymentPostprocessing = 0;
		};
/* End PBXFrameworksBuildPhase section */

/* Begin PBXGroup section */
		7354B85124645F9000ADAC9D = {
			isa = PBXGroup;
			children = (
				7354B85C24645F9000ADAC9D /* CustomSwipeableTableCells */,
				7354B87324645F9100ADAC9D /* CustomSwipeableTableCellsTests */,
				7354B87E24645F9100ADAC9D /* CustomSwipeableTableCellsUITests */,
				7354B85B24645F9000ADAC9D /* Products */,
			);
			sourceTree = "<group>";
		};
		7354B85B24645F9000ADAC9D /* Products */ = {
			isa = PBXGroup;
			children = (
				7354B85A24645F9000ADAC9D /* CustomSwipeableTableCells.app */,
				7354B87024645F9100ADAC9D /* CustomSwipeableTableCellsTests.xctest */,
				7354B87B24645F9100ADAC9D /* CustomSwipeableTableCellsUITests.xctest */,
			);
			name = Products;
			sourceTree = "<group>";
		};
		7354B85C24645F9000ADAC9D /* CustomSwipeableTableCells */ = {
			isa = PBXGroup;
			children = (
				7354B88D246466E400ADAC9D /* CustomViews */,
				7354B85D24645F9000ADAC9D /* AppDelegate.swift */,
				7354B85F24645F9000ADAC9D /* SceneDelegate.swift */,
				7354B86124645F9000ADAC9D /* ViewController.swift */,
				7354B8922464695800ADAC9D /* Utility.swift */,
				7354B89624647C7E00ADAC9D /* Constraints.swift */,
				7354B898246487B900ADAC9D /* CardsListViewModel.swift */,
				7354B89C2464885100ADAC9D /* CardViewModel.swift */,
				7354B89E2464887700ADAC9D /* CardModel.swift */,
				7354B86324645F9000ADAC9D /* Main.storyboard */,
				7354B86624645F9100ADAC9D /* Assets.xcassets */,
				7354B86824645F9100ADAC9D /* LaunchScreen.storyboard */,
				7354B86B24645F9100ADAC9D /* Info.plist */,
			);
			path = CustomSwipeableTableCells;
			sourceTree = "<group>";
		};
		7354B87324645F9100ADAC9D /* CustomSwipeableTableCellsTests */ = {
			isa = PBXGroup;
			children = (
				7354B87424645F9100ADAC9D /* CustomSwipeableTableCellsTests.swift */,
				7354B87624645F9100ADAC9D /* Info.plist */,
			);
			path = CustomSwipeableTableCellsTests;
			sourceTree = "<group>";
		};
		7354B87E24645F9100ADAC9D /* CustomSwipeableTableCellsUITests */ = {
			isa = PBXGroup;
			children = (
				7354B87F24645F9100ADAC9D /* CustomSwipeableTableCellsUITests.swift */,
				7354B88124645F9100ADAC9D /* Info.plist */,
			);
			path = CustomSwipeableTableCellsUITests;
			sourceTree = "<group>";
		};
		7354B88D246466E400ADAC9D /* CustomViews */ = {
			isa = PBXGroup;
			children = (
				7354B88E2464671B00ADAC9D /* CardCell.swift */,
				7354B88F2464671B00ADAC9D /* CardCell.xib */,
				7354B89424646BF100ADAC9D /* SwipeableView.swift */,
			);
			path = CustomViews;
			sourceTree = "<group>";
		};
/* End PBXGroup section */

/* Begin PBXNativeTarget section */
		7354B85924645F9000ADAC9D /* CustomSwipeableTableCells */ = {
			isa = PBXNativeTarget;
			buildConfigurationList = 7354B88424645F9100ADAC9D /* Build configuration list for PBXNativeTarget "CustomSwipeableTableCells" */;
			buildPhases = (
				7354B85624645F9000ADAC9D /* Sources */,
				7354B85724645F9000ADAC9D /* Frameworks */,
				7354B85824645F9000ADAC9D /* Resources */,
			);
			buildRules = (
			);
			dependencies = (
			);
			name = CustomSwipeableTableCells;
			productName = CustomSwipeableTableCells;
			productReference = 7354B85A24645F9000ADAC9D /* CustomSwipeableTableCells.app */;
			productType = "com.apple.product-type.application";
		};
		7354B86F24645F9100ADAC9D /* CustomSwipeableTableCellsTests */ = {
			isa = PBXNativeTarget;
			buildConfigurationList = 7354B88724645F9100ADAC9D /* Build configuration list for PBXNativeTarget "CustomSwipeableTableCellsTests" */;
			buildPhases = (
				7354B86C24645F9100ADAC9D /* Sources */,
				7354B86D24645F9100ADAC9D /* Frameworks */,
				7354B86E24645F9100ADAC9D /* Resources */,
			);
			buildRules = (
			);
			dependencies = (
				7354B87224645F9100ADAC9D /* PBXTargetDependency */,
			);
			name = CustomSwipeableTableCellsTests;
			productName = CustomSwipeableTableCellsTests;
			productReference = 7354B87024645F9100ADAC9D /* CustomSwipeableTableCellsTests.xctest */;
			productType = "com.apple.product-type.bundle.unit-test";
		};
		7354B87A24645F9100ADAC9D /* CustomSwipeableTableCellsUITests */ = {
			isa = PBXNativeTarget;
			buildConfigurationList = 7354B88A24645F9100ADAC9D /* Build configuration list for PBXNativeTarget "CustomSwipeableTableCellsUITests" */;
			buildPhases = (
				7354B87724645F9100ADAC9D /* Sources */,
				7354B87824645F9100ADAC9D /* Frameworks */,
				7354B87924645F9100ADAC9D /* Resources */,
			);
			buildRules = (
			);
			dependencies = (
				7354B87D24645F9100ADAC9D /* PBXTargetDependency */,
			);
			name = CustomSwipeableTableCellsUITests;
			productName = CustomSwipeableTableCellsUITests;
			productReference = 7354B87B24645F9100ADAC9D /* CustomSwipeableTableCellsUITests.xctest */;
			productType = "com.apple.product-type.bundle.ui-testing";
		};
/* End PBXNativeTarget section */

/* Begin PBXProject section */
		7354B85224645F9000ADAC9D /* Project object */ = {
			isa = PBXProject;
			attributes = {
				LastSwiftUpdateCheck = 1130;
				LastUpgradeCheck = 1130;
				ORGANIZATIONNAME = Bhupendra;
				TargetAttributes = {
					7354B85924645F9000ADAC9D = {
						CreatedOnToolsVersion = 11.3.1;
					};
					7354B86F24645F9100ADAC9D = {
						CreatedOnToolsVersion = 11.3.1;
						TestTargetID = 7354B85924645F9000ADAC9D;
					};
					7354B87A24645F9100ADAC9D = {
						CreatedOnToolsVersion = 11.3.1;
						TestTargetID = 7354B85924645F9000ADAC9D;
					};
				};
			};
			buildConfigurationList = 7354B85524645F9000ADAC9D /* Build configuration list for PBXProject "CustomSwipeableTableCells" */;
			compatibilityVersion = "Xcode 9.3";
			developmentRegion = en;
			hasScannedForEncodings = 0;
			knownRegions = (
				en,
				Base,
			);
			mainGroup = 7354B85124645F9000ADAC9D;
			productRefGroup = 7354B85B24645F9000ADAC9D /* Products */;
			projectDirPath = "";
			projectRoot = "";
			targets = (
				7354B85924645F9000ADAC9D /* CustomSwipeableTableCells */,
				7354B86F24645F9100ADAC9D /* CustomSwipeableTableCellsTests */,
				7354B87A24645F9100ADAC9D /* CustomSwipeableTableCellsUITests */,
			);
		};
/* End PBXProject section */

/* Begin PBXResourcesBuildPhase section */
		7354B85824645F9000ADAC9D /* Resources */ = {
			isa = PBXResourcesBuildPhase;
			buildActionMask = 2147483647;
			files = (
				7354B86A24645F9100ADAC9D /* LaunchScreen.storyboard in Resources */,
				7354B86724645F9100ADAC9D /* Assets.xcassets in Resources */,
				7354B86524645F9000ADAC9D /* Main.storyboard in Resources */,
				7354B8912464671B00ADAC9D /* CardCell.xib in Resources */,
			);
			runOnlyForDeploymentPostprocessing = 0;
		};
		7354B86E24645F9100ADAC9D /* Resources */ = {
			isa = PBXResourcesBuildPhase;
			buildActionMask = 2147483647;
			files = (
			);
			runOnlyForDeploymentPostprocessing = 0;
		};
		7354B87924645F9100ADAC9D /* Resources */ = {
			isa = PBXResourcesBuildPhase;
			buildActionMask = 2147483647;
			files = (
			);
			runOnlyForDeploymentPostprocessing = 0;
		};
/* End PBXResourcesBuildPhase section */

/* Begin PBXSourcesBuildPhase section */
		7354B85624645F9000ADAC9D /* Sources */ = {
			isa = PBXSourcesBuildPhase;
			buildActionMask = 2147483647;
			files = (
				7354B899246487B900ADAC9D /* CardsListViewModel.swift in Sources */,
				7354B8932464695800ADAC9D /* Utility.swift in Sources */,
				7354B89724647C7E00ADAC9D /* Constraints.swift in Sources */,
				7354B89524646BF100ADAC9D /* SwipeableView.swift in Sources */,
				7354B86224645F9000ADAC9D /* ViewController.swift in Sources */,
				7354B85E24645F9000ADAC9D /* AppDelegate.swift in Sources */,
				7354B86024645F9000ADAC9D /* SceneDelegate.swift in Sources */,
				7354B8902464671B00ADAC9D /* CardCell.swift in Sources */,
				7354B89D2464885100ADAC9D /* CardViewModel.swift in Sources */,
				7354B89F2464887700ADAC9D /* CardModel.swift in Sources */,
			);
			runOnlyForDeploymentPostprocessing = 0;
		};
		7354B86C24645F9100ADAC9D /* Sources */ = {
			isa = PBXSourcesBuildPhase;
			buildActionMask = 2147483647;
			files = (
				7354B87524645F9100ADAC9D /* CustomSwipeableTableCellsTests.swift in Sources */,
			);
			runOnlyForDeploymentPostprocessing = 0;
		};
		7354B87724645F9100ADAC9D /* Sources */ = {
			isa = PBXSourcesBuildPhase;
			buildActionMask = 2147483647;
			files = (
				7354B88024645F9100ADAC9D /* CustomSwipeableTableCellsUITests.swift in Sources */,
			);
			runOnlyForDeploymentPostprocessing = 0;
		};
/* End PBXSourcesBuildPhase section */

/* Begin PBXTargetDependency section */
		7354B87224645F9100ADAC9D /* PBXTargetDependency */ = {
			isa = PBXTargetDependency;
			target = 7354B85924645F9000ADAC9D /* CustomSwipeableTableCells */;
			targetProxy = 7354B87124645F9100ADAC9D /* PBXContainerItemProxy */;
		};
		7354B87D24645F9100ADAC9D /* PBXTargetDependency */ = {
			isa = PBXTargetDependency;
			target = 7354B85924645F9000ADAC9D /* CustomSwipeableTableCells */;
			targetProxy = 7354B87C24645F9100ADAC9D /* PBXContainerItemProxy */;
		};
/* End PBXTargetDependency section */

/* Begin PBXVariantGroup section */
		7354B86324645F9000ADAC9D /* Main.storyboard */ = {
			isa = PBXVariantGroup;
			children = (
				7354B86424645F9000ADAC9D /* Base */,
			);
			name = Main.storyboard;
			sourceTree = "<group>";
		};
		7354B86824645F9100ADAC9D /* LaunchScreen.storyboard */ = {
			isa = PBXVariantGroup;
			children = (
				7354B86924645F9100ADAC9D /* Base */,
			);
			name = LaunchScreen.storyboard;
			sourceTree = "<group>";
		};
/* End PBXVariantGroup section */

/* Begin XCBuildConfiguration section */
		7354B88224645F9100ADAC9D /* Debug */ = {
			isa = XCBuildConfiguration;
			buildSettings = {
				ALWAYS_SEARCH_USER_PATHS = NO;
				CLANG_ANALYZER_NONNULL = YES;
				CLANG_ANALYZER_NUMBER_OBJECT_CONVERSION = YES_AGGRESSIVE;
				CLANG_CXX_LANGUAGE_STANDARD = "gnu++14";
				CLANG_CXX_LIBRARY = "libc++";
				CLANG_ENABLE_MODULES = YES;
				CLANG_ENABLE_OBJC_ARC = YES;
				CLANG_ENABLE_OBJC_WEAK = YES;
				CLANG_WARN_BLOCK_CAPTURE_AUTORELEASING = YES;
				CLANG_WARN_BOOL_CONVERSION = YES;
				CLANG_WARN_COMMA = YES;
				CLANG_WARN_CONSTANT_CONVERSION = YES;
				CLANG_WARN_DEPRECATED_OBJC_IMPLEMENTATIONS = YES;
				CLANG_WARN_DIRECT_OBJC_ISA_USAGE = YES_ERROR;
				CLANG_WARN_DOCUMENTATION_COMMENTS = YES;
				CLANG_WARN_EMPTY_BODY = YES;
				CLANG_WARN_ENUM_CONVERSION = YES;
				CLANG_WARN_INFINITE_RECURSION = YES;
				CLANG_WARN_INT_CONVERSION = YES;
				CLANG_WARN_NON_LITERAL_NULL_CONVERSION = YES;
				CLANG_WARN_OBJC_IMPLICIT_RETAIN_SELF = YES;
				CLANG_WARN_OBJC_LITERAL_CONVERSION = YES;
				CLANG_WARN_OBJC_ROOT_CLASS = YES_ERROR;
				CLANG_WARN_RANGE_LOOP_ANALYSIS = YES;
				CLANG_WARN_STRICT_PROTOTYPES = YES;
				CLANG_WARN_SUSPICIOUS_MOVE = YES;
				CLANG_WARN_UNGUARDED_AVAILABILITY = YES_AGGRESSIVE;
				CLANG_WARN_UNREACHABLE_CODE = YES;
				CLANG_WARN__DUPLICATE_METHOD_MATCH = YES;
				COPY_PHASE_STRIP = NO;
				DEBUG_INFORMATION_FORMAT = dwarf;
				ENABLE_STRICT_OBJC_MSGSEND = YES;
				ENABLE_TESTABILITY = YES;
				GCC_C_LANGUAGE_STANDARD = gnu11;
				GCC_DYNAMIC_NO_PIC = NO;
				GCC_NO_COMMON_BLOCKS = YES;
				GCC_OPTIMIZATION_LEVEL = 0;
				GCC_PREPROCESSOR_DEFINITIONS = (
					"DEBUG=1",
					"$(inherited)",
				);
				GCC_WARN_64_TO_32_BIT_CONVERSION = YES;
				GCC_WARN_ABOUT_RETURN_TYPE = YES_ERROR;
				GCC_WARN_UNDECLARED_SELECTOR = YES;
				GCC_WARN_UNINITIALIZED_AUTOS = YES_AGGRESSIVE;
				GCC_WARN_UNUSED_FUNCTION = YES;
				GCC_WARN_UNUSED_VARIABLE = YES;
				IPHONEOS_DEPLOYMENT_TARGET = 13.2;
				MTL_ENABLE_DEBUG_INFO = INCLUDE_SOURCE;
				MTL_FAST_MATH = YES;
				ONLY_ACTIVE_ARCH = YES;
				SDKROOT = iphoneos;
				SWIFT_ACTIVE_COMPILATION_CONDITIONS = DEBUG;
				SWIFT_OPTIMIZATION_LEVEL = "-Onone";
			};
			name = Debug;
		};
		7354B88324645F9100ADAC9D /* Release */ = {
			isa = XCBuildConfiguration;
			buildSettings = {
				ALWAYS_SEARCH_USER_PATHS = NO;
				CLANG_ANALYZER_NONNULL = YES;
				CLANG_ANALYZER_NUMBER_OBJECT_CONVERSION = YES_AGGRESSIVE;
				CLANG_CXX_LANGUAGE_STANDARD = "gnu++14";
				CLANG_CXX_LIBRARY = "libc++";
				CLANG_ENABLE_MODULES = YES;
				CLANG_ENABLE_OBJC_ARC = YES;
				CLANG_ENABLE_OBJC_WEAK = YES;
				CLANG_WARN_BLOCK_CAPTURE_AUTORELEASING = YES;
				CLANG_WARN_BOOL_CONVERSION = YES;
				CLANG_WARN_COMMA = YES;
				CLANG_WARN_CONSTANT_CONVERSION = YES;
				CLANG_WARN_DEPRECATED_OBJC_IMPLEMENTATIONS = YES;
				CLANG_WARN_DIRECT_OBJC_ISA_USAGE = YES_ERROR;
				CLANG_WARN_DOCUMENTATION_COMMENTS = YES;
				CLANG_WARN_EMPTY_BODY = YES;
				CLANG_WARN_ENUM_CONVERSION = YES;
				CLANG_WARN_INFINITE_RECURSION = YES;
				CLANG_WARN_INT_CONVERSION = YES;
				CLANG_WARN_NON_LITERAL_NULL_CONVERSION = YES;
				CLANG_WARN_OBJC_IMPLICIT_RETAIN_SELF = YES;
				CLANG_WARN_OBJC_LITERAL_CONVERSION = YES;
				CLANG_WARN_OBJC_ROOT_CLASS = YES_ERROR;
				CLANG_WARN_RANGE_LOOP_ANALYSIS = YES;
				CLANG_WARN_STRICT_PROTOTYPES = YES;
				CLANG_WARN_SUSPICIOUS_MOVE = YES;
				CLANG_WARN_UNGUARDED_AVAILABILITY = YES_AGGRESSIVE;
				CLANG_WARN_UNREACHABLE_CODE = YES;
				CLANG_WARN__DUPLICATE_METHOD_MATCH = YES;
				COPY_PHASE_STRIP = NO;
				DEBUG_INFORMATION_FORMAT = "dwarf-with-dsym";
				ENABLE_NS_ASSERTIONS = NO;
				ENABLE_STRICT_OBJC_MSGSEND = YES;
				GCC_C_LANGUAGE_STANDARD = gnu11;
				GCC_NO_COMMON_BLOCKS = YES;
				GCC_WARN_64_TO_32_BIT_CONVERSION = YES;
				GCC_WARN_ABOUT_RETURN_TYPE = YES_ERROR;
				GCC_WARN_UNDECLARED_SELECTOR = YES;
				GCC_WARN_UNINITIALIZED_AUTOS = YES_AGGRESSIVE;
				GCC_WARN_UNUSED_FUNCTION = YES;
				GCC_WARN_UNUSED_VARIABLE = YES;
				IPHONEOS_DEPLOYMENT_TARGET = 13.2;
				MTL_ENABLE_DEBUG_INFO = NO;
				MTL_FAST_MATH = YES;
				SDKROOT = iphoneos;
				SWIFT_COMPILATION_MODE = wholemodule;
				SWIFT_OPTIMIZATION_LEVEL = "-O";
				VALIDATE_PRODUCT = YES;
			};
			name = Release;
		};
		7354B88524645F9100ADAC9D /* Debug */ = {
			isa = XCBuildConfiguration;
			buildSettings = {
				ASSETCATALOG_COMPILER_APPICON_NAME = AppIcon;
				CODE_SIGN_STYLE = Automatic;
				INFOPLIST_FILE = CustomSwipeableTableCells/Info.plist;
				LD_RUNPATH_SEARCH_PATHS = (
					"$(inherited)",
					"@executable_path/Frameworks",
				);
				PRODUCT_BUNDLE_IDENTIFIER = bhupendra.CustomSwipeableTableCells;
				PRODUCT_NAME = "$(TARGET_NAME)";
				SWIFT_VERSION = 5.0;
				TARGETED_DEVICE_FAMILY = "1,2";
			};
			name = Debug;
		};
		7354B88624645F9100ADAC9D /* Release */ = {
			isa = XCBuildConfiguration;
			buildSettings = {
				ASSETCATALOG_COMPILER_APPICON_NAME = AppIcon;
				CODE_SIGN_STYLE = Automatic;
				INFOPLIST_FILE = CustomSwipeableTableCells/Info.plist;
				LD_RUNPATH_SEARCH_PATHS = (
					"$(inherited)",
					"@executable_path/Frameworks",
				);
				PRODUCT_BUNDLE_IDENTIFIER = bhupendra.CustomSwipeableTableCells;
				PRODUCT_NAME = "$(TARGET_NAME)";
				SWIFT_VERSION = 5.0;
				TARGETED_DEVICE_FAMILY = "1,2";
			};
			name = Release;
		};
		7354B88824645F9100ADAC9D /* Debug */ = {
			isa = XCBuildConfiguration;
			buildSettings = {
				ALWAYS_EMBED_SWIFT_STANDARD_LIBRARIES = YES;
				BUNDLE_LOADER = "$(TEST_HOST)";
				CODE_SIGN_STYLE = Automatic;
				INFOPLIST_FILE = CustomSwipeableTableCellsTests/Info.plist;
				IPHONEOS_DEPLOYMENT_TARGET = 13.2;
				LD_RUNPATH_SEARCH_PATHS = (
					"$(inherited)",
					"@executable_path/Frameworks",
					"@loader_path/Frameworks",
				);
				PRODUCT_BUNDLE_IDENTIFIER = bhupendra.CustomSwipeableTableCellsTests;
				PRODUCT_NAME = "$(TARGET_NAME)";
				SWIFT_VERSION = 5.0;
				TARGETED_DEVICE_FAMILY = "1,2";
				TEST_HOST = "$(BUILT_PRODUCTS_DIR)/CustomSwipeableTableCells.app/CustomSwipeableTableCells";
			};
			name = Debug;
		};
		7354B88924645F9100ADAC9D /* Release */ = {
			isa = XCBuildConfiguration;
			buildSettings = {
				ALWAYS_EMBED_SWIFT_STANDARD_LIBRARIES = YES;
				BUNDLE_LOADER = "$(TEST_HOST)";
				CODE_SIGN_STYLE = Automatic;
				INFOPLIST_FILE = CustomSwipeableTableCellsTests/Info.plist;
				IPHONEOS_DEPLOYMENT_TARGET = 13.2;
				LD_RUNPATH_SEARCH_PATHS = (
					"$(inherited)",
					"@executable_path/Frameworks",
					"@loader_path/Frameworks",
				);
				PRODUCT_BUNDLE_IDENTIFIER = bhupendra.CustomSwipeableTableCellsTests;
				PRODUCT_NAME = "$(TARGET_NAME)";
				SWIFT_VERSION = 5.0;
				TARGETED_DEVICE_FAMILY = "1,2";
				TEST_HOST = "$(BUILT_PRODUCTS_DIR)/CustomSwipeableTableCells.app/CustomSwipeableTableCells";
			};
			name = Release;
		};
		7354B88B24645F9100ADAC9D /* Debug */ = {
			isa = XCBuildConfiguration;
			buildSettings = {
				ALWAYS_EMBED_SWIFT_STANDARD_LIBRARIES = YES;
				CODE_SIGN_STYLE = Automatic;
				INFOPLIST_FILE = CustomSwipeableTableCellsUITests/Info.plist;
				LD_RUNPATH_SEARCH_PATHS = (
					"$(inherited)",
					"@executable_path/Frameworks",
					"@loader_path/Frameworks",
				);
				PRODUCT_BUNDLE_IDENTIFIER = bhupendra.CustomSwipeableTableCellsUITests;
				PRODUCT_NAME = "$(TARGET_NAME)";
				SWIFT_VERSION = 5.0;
				TARGETED_DEVICE_FAMILY = "1,2";
				TEST_TARGET_NAME = CustomSwipeableTableCells;
			};
			name = Debug;
		};
		7354B88C24645F9100ADAC9D /* Release */ = {
			isa = XCBuildConfiguration;
			buildSettings = {
				ALWAYS_EMBED_SWIFT_STANDARD_LIBRARIES = YES;
				CODE_SIGN_STYLE = Automatic;
				INFOPLIST_FILE = CustomSwipeableTableCellsUITests/Info.plist;
				LD_RUNPATH_SEARCH_PATHS = (
					"$(inherited)",
					"@executable_path/Frameworks",
					"@loader_path/Frameworks",
				);
				PRODUCT_BUNDLE_IDENTIFIER = bhupendra.CustomSwipeableTableCellsUITests;
				PRODUCT_NAME = "$(TARGET_NAME)";
				SWIFT_VERSION = 5.0;
				TARGETED_DEVICE_FAMILY = "1,2";
				TEST_TARGET_NAME = CustomSwipeableTableCells;
			};
			name = Release;
		};
/* End XCBuildConfiguration section */

/* Begin XCConfigurationList section */
		7354B85524645F9000ADAC9D /* Build configuration list for PBXProject "CustomSwipeableTableCells" */ = {
			isa = XCConfigurationList;
			buildConfigurations = (
				7354B88224645F9100ADAC9D /* Debug */,
				7354B88324645F9100ADAC9D /* Release */,
			);
			defaultConfigurationIsVisible = 0;
			defaultConfigurationName = Release;
		};
		7354B88424645F9100ADAC9D /* Build configuration list for PBXNativeTarget "CustomSwipeableTableCells" */ = {
			isa = XCConfigurationList;
			buildConfigurations = (
				7354B88524645F9100ADAC9D /* Debug */,
				7354B88624645F9100ADAC9D /* Release */,
			);
			defaultConfigurationIsVisible = 0;
			defaultConfigurationName = Release;
		};
		7354B88724645F9100ADAC9D /* Build configuration list for PBXNativeTarget "CustomSwipeableTableCellsTests" */ = {
			isa = XCConfigurationList;
			buildConfigurations = (
				7354B88824645F9100ADAC9D /* Debug */,
				7354B88924645F9100ADAC9D /* Release */,
			);
			defaultConfigurationIsVisible = 0;
			defaultConfigurationName = Release;
		};
		7354B88A24645F9100ADAC9D /* Build configuration list for PBXNativeTarget "CustomSwipeableTableCellsUITests" */ = {
			isa = XCConfigurationList;
			buildConfigurations = (
				7354B88B24645F9100ADAC9D /* Debug */,
				7354B88C24645F9100ADAC9D /* Release */,
			);
			defaultConfigurationIsVisible = 0;
			defaultConfigurationName = Release;
		};
/* End XCConfigurationList section */
	};
	rootObject = 7354B85224645F9000ADAC9D /* Project object */;
}
